Microsoft Visual Studio Solution File, Format Version 12.00
# Visual Studio Version 17
VisualStudioVersion = 17.5.2.0
MinimumVisualStudioVersion = 10.0.40219.1
Project("{FAE04EC0-301F-11D3-BF4B-00C04F79EFBC}") = "RecursosHumanosWeb", "RecursosHumanosWeb.csproj", "{2A1487CD-F9EA-BD14-8441-CEB0E9843859}"
EndProject
Global
	GlobalSection(SolutionConfigurationPlatforms) = preSolution
		Debug|Any CPU = Debug|Any CPU
		Release|Any CPU = Release|Any CPU
	EndGlobalSection
	GlobalSection(ProjectConfigurationPlatforms) = postSolution
		{2A1487CD-F9EA-BD14-8441-CEB0E9843859}.Debug|Any CPU.ActiveCfg = Debug|Any CPU
		{2A1487CD-F9EA-BD14-8441-CEB0E9843859}.Debug|Any CPU.Build.0 = Debug|Any CPU
		{2A1487CD-F9EA-BD14-8441-CEB0E9843859}.Release|Any CPU.ActiveCfg = Release|Any CPU
		{2A1487CD-F9EA-BD14-8441-CEB0E9843859}.Release|Any CPU.Build.0 = Release|Any CPU
	EndGlobalSection
	GlobalSection(SolutionProperties) = preSolution
		HideSolutionNode = FALSE
	EndGlobalSection
	GlobalSection(ExtensibilityGlobals) = postSolution
		SolutionGuid = {1E72717D-2A3B-4CB4-AC80-F57E31B9CC6A}
	EndGlobalSection
EndGlobal
